
Microsoft Visual Studio Solution File, Format Version 12.00
# Visual Studio Version 17
VisualStudioVersion = 17.13.35931.197
MinimumVisualStudioVersion = 10.0.40219.1
Project("{FAE04EC0-301F-11D3-BF4B-00C04F79EFBC}") = "WebApp", "A2v10.Standard.Modules\WebApp\WebApp.csproj", "{F569EC49-6B50-4FAA-B7ED-09C4493CE39F}"
EndProject
Project("{FAE04EC0-301F-11D3-BF4B-00C04F79EFBC}") = "MainApp", "A2v10.Standard.Modules\MainApp\MainApp.csproj", "{BE60C02A-D83C-4F92-AC3B-D93D2B133B8A}"
EndProject
Project("{FAE04EC0-301F-11D3-BF4B-00C04F79EFBC}") = "A2v10.Module.Workflow", "A2v10.Standard.Modules\A2v10.Module.Workflow\A2v10.Module.Workflow.csproj", "{64BD9BDB-8BDE-BB87-68CA-366FEB74BB91}"
EndProject
Project("{FAE04EC0-301F-11D3-BF4B-00C04F79EFBC}") = "A2v10.Module.Metadata", "A2v10.Module.Metadata\A2v10.Module.Metadata.csproj", "{EACACF7C-A522-4EBD-96D3-103AEB646471}"
EndProject
Global
	GlobalSection(SolutionConfigurationPlatforms) = preSolution
		Debug|Any CPU = Debug|Any CPU
		Release|Any CPU = Release|Any CPU
	EndGlobalSection
	GlobalSection(ProjectConfigurationPlatforms) = postSolution
		{F569EC49-6B50-4FAA-B7ED-09C4493CE39F}.Debug|Any CPU.ActiveCfg = Debug|Any CPU
		{F569EC49-6B50-4FAA-B7ED-09C4493CE39F}.Debug|Any CPU.Build.0 = Debug|Any CPU
		{F569EC49-6B50-4FAA-B7ED-09C4493CE39F}.Release|Any CPU.ActiveCfg = Release|Any CPU
		{F569EC49-6B50-4FAA-B7ED-09C4493CE39F}.Release|Any CPU.Build.0 = Release|Any CPU
		{BE60C02A-D83C-4F92-AC3B-D93D2B133B8A}.Debug|Any CPU.ActiveCfg = Debug|Any CPU
		{BE60C02A-D83C-4F92-AC3B-D93D2B133B8A}.Debug|Any CPU.Build.0 = Debug|Any CPU
		{BE60C02A-D83C-4F92-AC3B-D93D2B133B8A}.Release|Any CPU.ActiveCfg = Release|Any CPU
		{BE60C02A-D83C-4F92-AC3B-D93D2B133B8A}.Release|Any CPU.Build.0 = Release|Any CPU
		{64BD9BDB-8BDE-BB87-68CA-366FEB74BB91}.Debug|Any CPU.ActiveCfg = Debug|Any CPU
		{64BD9BDB-8BDE-BB87-68CA-366FEB74BB91}.Debug|Any CPU.Build.0 = Debug|Any CPU
		{64BD9BDB-8BDE-BB87-68CA-366FEB74BB91}.Release|Any CPU.ActiveCfg = Release|Any CPU
		{64BD9BDB-8BDE-BB87-68CA-366FEB74BB91}.Release|Any CPU.Build.0 = Release|Any CPU
		{EACACF7C-A522-4EBD-96D3-103AEB646471}.Debug|Any CPU.ActiveCfg = Debug|Any CPU
		{EACACF7C-A522-4EBD-96D3-103AEB646471}.Debug|Any CPU.Build.0 = Debug|Any CPU
		{EACACF7C-A522-4EBD-96D3-103AEB646471}.Release|Any CPU.ActiveCfg = Release|Any CPU
		{EACACF7C-A522-4EBD-96D3-103AEB646471}.Release|Any CPU.Build.0 = Release|Any CPU
	EndGlobalSection
	GlobalSection(SolutionProperties) = preSolution
		HideSolutionNode = FALSE
	EndGlobalSection
	GlobalSection(ExtensibilityGlobals) = postSolution
		SolutionGuid = {2FCDAF15-05A7-41DF-8250-4FD40B909573}
	EndGlobalSection
EndGlobal
