
Microsoft Visual Studio Solution File, Format Version 12.00
# Visual Studio Version 17
VisualStudioVersion = 17.13.35931.197
MinimumVisualStudioVersion = 10.0.40219.1
Project("{FAE04EC0-301F-11D3-BF4B-00C04F79EFBC}") = "WebApp", "WebApp\WebApp.csproj", "{3215F6CF-A442-1C21-6AD3-94ED23F4EBA5}"
EndProject
Project("{FAE04EC0-301F-11D3-BF4B-00C04F79EFBC}") = "MainApp", "MainApp\MainApp.csproj", "{5BED17CD-9B62-7A59-718D-876670F2AD95}"
EndProject
Project("{FAE04EC0-301F-11D3-BF4B-00C04F79EFBC}") = "A2v10.Module.Workflow", "A2v10.Module.Workflow\A2v10.Module.Workflow.csproj", "{8B85DE01-4FF7-EC05-FC0E-4FC96C0C441E}"
EndProject
Project("{FAE04EC0-301F-11D3-BF4B-00C04F79EFBC}") = "A2v10.Module.Metadata", "A2v10.Module.Metadata\A2v10.Module.Metadata.csproj", "{728C12E7-40E6-7FA2-4874-DAECDB9581DA}"
EndProject
Project("{FAE04EC0-301F-11D3-BF4B-00C04F79EFBC}") = "A2v10.Module.Admin", "A2v10.Module.Admin\A2v10.Module.Admin.csproj", "{59DADDA9-5C23-5C1F-6B06-BAF36B66D2B9}"
EndProject
Global
	GlobalSection(SolutionConfigurationPlatforms) = preSolution
		Debug|Any CPU = Debug|Any CPU
		Release|Any CPU = Release|Any CPU
	EndGlobalSection
	GlobalSection(ProjectConfigurationPlatforms) = postSolution
		{3215F6CF-A442-1C21-6AD3-94ED23F4EBA5}.Debug|Any CPU.ActiveCfg = Debug|Any CPU
		{3215F6CF-A442-1C21-6AD3-94ED23F4EBA5}.Debug|Any CPU.Build.0 = Debug|Any CPU
		{3215F6CF-A442-1C21-6AD3-94ED23F4EBA5}.Release|Any CPU.ActiveCfg = Release|Any CPU
		{3215F6CF-A442-1C21-6AD3-94ED23F4EBA5}.Release|Any CPU.Build.0 = Release|Any CPU
		{5BED17CD-9B62-7A59-718D-876670F2AD95}.Debug|Any CPU.ActiveCfg = Debug|Any CPU
		{5BED17CD-9B62-7A59-718D-876670F2AD95}.Debug|Any CPU.Build.0 = Debug|Any CPU
		{5BED17CD-9B62-7A59-718D-876670F2AD95}.Release|Any CPU.ActiveCfg = Release|Any CPU
		{5BED17CD-9B62-7A59-718D-876670F2AD95}.Release|Any CPU.Build.0 = Release|Any CPU
		{8B85DE01-4FF7-EC05-FC0E-4FC96C0C441E}.Debug|Any CPU.ActiveCfg = Debug|Any CPU
		{8B85DE01-4FF7-EC05-FC0E-4FC96C0C441E}.Debug|Any CPU.Build.0 = Debug|Any CPU
		{8B85DE01-4FF7-EC05-FC0E-4FC96C0C441E}.Release|Any CPU.ActiveCfg = Release|Any CPU
		{8B85DE01-4FF7-EC05-FC0E-4FC96C0C441E}.Release|Any CPU.Build.0 = Release|Any CPU
		{728C12E7-40E6-7FA2-4874-DAECDB9581DA}.Debug|Any CPU.ActiveCfg = Debug|Any CPU
		{728C12E7-40E6-7FA2-4874-DAECDB9581DA}.Debug|Any CPU.Build.0 = Debug|Any CPU
		{728C12E7-40E6-7FA2-4874-DAECDB9581DA}.Release|Any CPU.ActiveCfg = Release|Any CPU
		{728C12E7-40E6-7FA2-4874-DAECDB9581DA}.Release|Any CPU.Build.0 = Release|Any CPU
		{59DADDA9-5C23-5C1F-6B06-BAF36B66D2B9}.Debug|Any CPU.ActiveCfg = Debug|Any CPU
		{59DADDA9-5C23-5C1F-6B06-BAF36B66D2B9}.Debug|Any CPU.Build.0 = Debug|Any CPU
		{59DADDA9-5C23-5C1F-6B06-BAF36B66D2B9}.Release|Any CPU.ActiveCfg = Release|Any CPU
		{59DADDA9-5C23-5C1F-6B06-BAF36B66D2B9}.Release|Any CPU.Build.0 = Release|Any CPU
	EndGlobalSection
	GlobalSection(SolutionProperties) = preSolution
		HideSolutionNode = FALSE
	EndGlobalSection
	GlobalSection(ExtensibilityGlobals) = postSolution
		SolutionGuid = {2FCDAF15-05A7-41DF-8250-4FD40B909573}
	EndGlobalSection
EndGlobal
